<?xml version="1.0" encoding="utf-8"?>
<Project ToolsVersion="4.0" xmlns="http://schemas.microsoft.com/developer/msbuild/2003">
  <ItemGroup>
    <Filter Include="Quelldateien">
      <UniqueIdentifier>{4FC737F1-C7A5-4376-A066-2A32D752A2FF}</UniqueIdentifier>
      <Extensions>cpp;c;cc;cxx;def;odl;idl;hpj;bat;asm;asmx</Extensions>
    </Filter>
    <Filter Include="Headerdateien">
      <UniqueIdentifier>{93995380-89BD-4b04-88EB-625FBE52EBFB}</UniqueIdentifier>
      <Extensions>h;hh;hpp;hxx;hm;inl;inc;ipp;xsd</Extensions>
    </Filter>
    <Filter Include="Ressourcendateien">
      <UniqueIdentifier>{67DA6AB6-F800-4c08-8B7A-83BB121AAD01}</UniqueIdentifier>
      <Extensions>rc;ico;cur;bmp;dlg;rc2;rct;bin;rgs;gif;jpg;jpeg;jpe;resx;tiff;tif;png;wav;mfcribbon-ms</Extensions>
    </Filter>
    <Filter Include="Headerdateien\AttackHeaders">
      <UniqueIdentifier>{78a88b70-bcee-4f4d-9888-a65274934526}</UniqueIdentifier>
    </Filter>
    <Filter Include="Quelldateien\AttackSources">
      <UniqueIdentifier>{e77cceca-a516-4c67-8fe9-12cbbfc2f3fc}</UniqueIdentifier>
    </Filter>
    <Filter Include="Headerdateien\EffectHeaders">
      <UniqueIdentifier>{ae729787-1fda-4c20-825e-758da1e87991}</UniqueIdentifier>
    </Filter>
    <Filter Include="Quelldateien\EffectSources">
      <UniqueIdentifier>{9093ce42-f548-434f-b34e-7828f4011928}</UniqueIdentifier>
    </Filter>
  </ItemGroup>
  <ItemGroup>
    <ClCompile Include="main.cpp">
      <Filter>Quelldateien</Filter>
    </ClCompile>
    <ClCompile Include="Game.cpp">
      <Filter>Quelldateien</Filter>
    </ClCompile>
    <ClCompile Include="Object.cpp">
      <Filter>Quelldateien</Filter>
    </ClCompile>
    <ClCompile Include="TextureBase.cpp">
      <Filter>Quelldateien</Filter>
    </ClCompile>
    <ClCompile Include="Timer.cpp">
      <Filter>Quelldateien</Filter>
    </ClCompile>
    <ClCompile Include="Window.cpp">
      <Filter>Quelldateien</Filter>
    </ClCompile>
    <ClCompile Include="Vector2D.cpp">
      <Filter>Quelldateien</Filter>
    </ClCompile>
    <ClCompile Include="MoB.cpp">
      <Filter>Quelldateien</Filter>
    </ClCompile>
    <ClCompile Include="Player.cpp">
      <Filter>Quelldateien</Filter>
    </ClCompile>
    <ClCompile Include="Enemy.cpp">
      <Filter>Quelldateien</Filter>
    </ClCompile>
    <ClCompile Include="CombatAction.cpp">
      <Filter>Quelldateien</Filter>
    </ClCompile>
    <ClCompile Include="MobList.cpp">
      <Filter>Quelldateien</Filter>
    </ClCompile>
    <ClCompile Include="MobListObject.cpp">
      <Filter>Quelldateien</Filter>
    </ClCompile>
    <ClCompile Include="GenericListObject.cpp">
      <Filter>Quelldateien</Filter>
    </ClCompile>
    <ClCompile Include="GenericList.cpp">
      <Filter>Quelldateien</Filter>
    </ClCompile>
    <ClCompile Include="Resolution.cpp">
      <Filter>Quelldateien</Filter>
    </ClCompile>
    <ClCompile Include="Effect.cpp">
      <Filter>Quelldateien</Filter>
    </ClCompile>
    <ClCompile Include="FlatDmg.cpp">
      <Filter>Quelldateien\EffectSources</Filter>
    </ClCompile>
    <ClCompile Include="Strike.cpp">
      <Filter>Quelldateien\AttackSources</Filter>
    </ClCompile>
    <ClCompile Include="CombatActionList.cpp">
      <Filter>Quelldateien</Filter>
    </ClCompile>
    <ClCompile Include="Bleed.cpp">
      <Filter>Quelldateien\EffectSources</Filter>
    </ClCompile>
    <ClCompile Include="Cripple.cpp">
      <Filter>Quelldateien\EffectSources</Filter>
    </ClCompile>
    <ClCompile Include="Poison.cpp">
      <Filter>Quelldateien\EffectSources</Filter>
    </ClCompile>
  </ItemGroup>
  <ItemGroup>
    <ClInclude Include="Game.hpp">
      <Filter>Headerdateien</Filter>
    </ClInclude>
    <ClInclude Include="Object.hpp">
      <Filter>Headerdateien</Filter>
    </ClInclude>
    <ClInclude Include="Texturebase.hpp">
      <Filter>Headerdateien</Filter>
    </ClInclude>
    <ClInclude Include="Timer.hpp">
      <Filter>Headerdateien</Filter>
    </ClInclude>
    <ClInclude Include="Window.hpp">
      <Filter>Headerdateien</Filter>
    </ClInclude>
    <ClInclude Include="Vector2D.hpp">
      <Filter>Headerdateien</Filter>
    </ClInclude>
    <ClInclude Include="MoB.hpp">
      <Filter>Headerdateien</Filter>
    </ClInclude>
    <ClInclude Include="Enemy.hpp">
      <Filter>Headerdateien</Filter>
    </ClInclude>
    <ClInclude Include="Player.hpp">
      <Filter>Headerdateien</Filter>
    </ClInclude>
    <ClInclude Include="CombatAction.hpp">
      <Filter>Headerdateien</Filter>
    </ClInclude>
    <ClInclude Include="MobList.hpp">
      <Filter>Headerdateien</Filter>
    </ClInclude>
    <ClInclude Include="MobListObject.hpp">
      <Filter>Headerdateien</Filter>
    </ClInclude>
    <ClInclude Include="GenericListObject.hpp">
      <Filter>Headerdateien</Filter>
    </ClInclude>
    <ClInclude Include="GenericList.hpp">
      <Filter>Headerdateien</Filter>
    </ClInclude>
    <ClInclude Include="Resolution.hpp">
      <Filter>Headerdateien</Filter>
    </ClInclude>
    <ClInclude Include="Effect.hpp">
      <Filter>Headerdateien</Filter>
    </ClInclude>
    <ClInclude Include="FlatDmg.hpp">
      <Filter>Headerdateien\EffectHeaders</Filter>
    </ClInclude>
    <ClInclude Include="Strike.hpp">
      <Filter>Headerdateien\AttackHeaders</Filter>
    </ClInclude>
    <ClInclude Include="CombatActionList.hpp">
      <Filter>Headerdateien</Filter>
    </ClInclude>
    <ClInclude Include="Bleed.hpp">
      <Filter>Headerdateien\EffectHeaders</Filter>
    </ClInclude>
    <ClInclude Include="Cripple.hpp">
      <Filter>Headerdateien\EffectHeaders</Filter>
    </ClInclude>
    <ClInclude Include="Poison.hpp">
      <Filter>Headerdateien\EffectHeaders</Filter>
    </ClInclude>
  </ItemGroup>
</Project>