<?xml version="1.0" encoding="utf-8"?>
<Project ToolsVersion="4.0" xmlns="http://schemas.microsoft.com/developer/msbuild/2003">
  <ItemGroup>
    <Filter Include="Quelldateien">
      <UniqueIdentifier>{4FC737F1-C7A5-4376-A066-2A32D752A2FF}</UniqueIdentifier>
      <Extensions>cpp;c;cc;cxx;def;odl;idl;hpj;bat;asm;asmx</Extensions>
    </Filter>
    <Filter Include="Headerdateien">
      <UniqueIdentifier>{93995380-89BD-4b04-88EB-625FBE52EBFB}</UniqueIdentifier>
      <Extensions>h;hh;hpp;hxx;hm;inl;inc;ipp;xsd</Extensions>
    </Filter>
    <Filter Include="Ressourcendateien">
      <UniqueIdentifier>{67DA6AB6-F800-4c08-8B7A-83BB121AAD01}</UniqueIdentifier>
      <Extensions>rc;ico;cur;bmp;dlg;rc2;rct;bin;rgs;gif;jpg;jpeg;jpe;resx;tiff;tif;png;wav;mfcribbon-ms</Extensions>
    </Filter>
  </ItemGroup>
  <ItemGroup>
    <ClCompile Include="main.cpp">
      <Filter>Quelldateien</Filter>
    </ClCompile>
    <ClCompile Include="Game.cpp">
      <Filter>Quelldateien</Filter>
    </ClCompile>
    <ClCompile Include="Object.cpp">
      <Filter>Quelldateien</Filter>
    </ClCompile>
    <ClCompile Include="TextureBase.cpp">
      <Filter>Quelldateien</Filter>
    </ClCompile>
    <ClCompile Include="Timer.cpp">
      <Filter>Quelldateien</Filter>
    </ClCompile>
    <ClCompile Include="Window.cpp">
      <Filter>Quelldateien</Filter>
    </ClCompile>
    <ClCompile Include="Vector2D.cpp">
      <Filter>Quelldateien</Filter>
    </ClCompile>
    <ClCompile Include="MoB.cpp">
      <Filter>Quelldateien</Filter>
    </ClCompile>
    <ClCompile Include="Player.cpp">
      <Filter>Quelldateien</Filter>
    </ClCompile>
    <ClCompile Include="Enemy.cpp">
      <Filter>Quelldateien</Filter>
    </ClCompile>
    <ClCompile Include="CombatAction.cpp">
      <Filter>Quelldateien</Filter>
    </ClCompile>
    <ClCompile Include="MobList.cpp">
      <Filter>Quelldateien</Filter>
    </ClCompile>
    <ClCompile Include="MobListObject.cpp">
      <Filter>Quelldateien</Filter>
    </ClCompile>
    <ClCompile Include="GenericListObject.cpp">
      <Filter>Quelldateien</Filter>
    </ClCompile>
    <ClCompile Include="GenericList.cpp">
      <Filter>Quelldateien</Filter>
    </ClCompile>
  </ItemGroup>
  <ItemGroup>
    <ClInclude Include="Game.hpp">
      <Filter>Headerdateien</Filter>
    </ClInclude>
    <ClInclude Include="Object.hpp">
      <Filter>Headerdateien</Filter>
    </ClInclude>
    <ClInclude Include="Texturebase.hpp">
      <Filter>Headerdateien</Filter>
    </ClInclude>
    <ClInclude Include="Timer.hpp">
      <Filter>Headerdateien</Filter>
    </ClInclude>
    <ClInclude Include="Window.hpp">
      <Filter>Headerdateien</Filter>
    </ClInclude>
    <ClInclude Include="Vector2D.hpp">
      <Filter>Headerdateien</Filter>
    </ClInclude>
    <ClInclude Include="MoB.hpp">
      <Filter>Headerdateien</Filter>
    </ClInclude>
    <ClInclude Include="Enemy.hpp">
      <Filter>Headerdateien</Filter>
    </ClInclude>
    <ClInclude Include="Player.hpp">
      <Filter>Headerdateien</Filter>
    </ClInclude>
    <ClInclude Include="CombatAction.hpp">
      <Filter>Headerdateien</Filter>
    </ClInclude>
    <ClInclude Include="MobList.hpp">
      <Filter>Headerdateien</Filter>
    </ClInclude>
    <ClInclude Include="MobListObject.hpp">
      <Filter>Headerdateien</Filter>
    </ClInclude>
    <ClInclude Include="GenericListObject.hpp">
      <Filter>Headerdateien</Filter>
    </ClInclude>
    <ClInclude Include="GenericList.hpp">
      <Filter>Headerdateien</Filter>
    </ClInclude>
  </ItemGroup>
</Project>